
Microsoft Visual Studio Solution File, Format Version 12.00
# Visual Studio Version 16
VisualStudioVersion = 16.0.30804.86
MinimumVisualStudioVersion = 10.0.40219.1
Project("{9A19103F-16F7-4668-BE54-9A1E7A4F7556}") = "Deneme1", "deneme1\Deneme1.csproj", "{16218DDB-D68B-459F-AFD9-26BB9E09E5D6}"
EndProject
Project("{9A19103F-16F7-4668-BE54-9A1E7A4F7556}") = "Deneme2", "deneme2\Deneme2.csproj", "{8F05DADB-9A78-406B-B113-1B2DF2DD288A}"
EndProject
Project("{9A19103F-16F7-4668-BE54-9A1E7A4F7556}") = "Deneme4", "deneme4\Deneme4.csproj", "{4DD2C6C9-9E8F-4E46-A3BB-C49829B3680B}"
EndProject
Project("{9A19103F-16F7-4668-BE54-9A1E7A4F7556}") = "Deneme3", "deneme3\Deneme3.csproj", "{43A1C41B-306C-4192-829D-A78311961DB0}"
EndProject
Project("{FAE04EC0-301F-11D3-BF4B-00C04F79EFBC}") = "Deneme5", "Deneme5\Deneme5.csproj", "{4467B234-69B7-4F87-B867-A3B3B2428166}"
EndProject
Global
	GlobalSection(SolutionConfigurationPlatforms) = preSolution
		Debug|Any CPU = Debug|Any CPU
		Release|Any CPU = Release|Any CPU
	EndGlobalSection
	GlobalSection(ProjectConfigurationPlatforms) = postSolution
		{16218DDB-D68B-459F-AFD9-26BB9E09E5D6}.Debug|Any CPU.ActiveCfg = Debug|Any CPU
		{16218DDB-D68B-459F-AFD9-26BB9E09E5D6}.Debug|Any CPU.Build.0 = Debug|Any CPU
		{16218DDB-D68B-459F-AFD9-26BB9E09E5D6}.Release|Any CPU.ActiveCfg = Release|Any CPU
		{16218DDB-D68B-459F-AFD9-26BB9E09E5D6}.Release|Any CPU.Build.0 = Release|Any CPU
		{8F05DADB-9A78-406B-B113-1B2DF2DD288A}.Debug|Any CPU.ActiveCfg = Debug|Any CPU
		{8F05DADB-9A78-406B-B113-1B2DF2DD288A}.Debug|Any CPU.Build.0 = Debug|Any CPU
		{8F05DADB-9A78-406B-B113-1B2DF2DD288A}.Release|Any CPU.ActiveCfg = Release|Any CPU
		{8F05DADB-9A78-406B-B113-1B2DF2DD288A}.Release|Any CPU.Build.0 = Release|Any CPU
		{4DD2C6C9-9E8F-4E46-A3BB-C49829B3680B}.Debug|Any CPU.ActiveCfg = Debug|Any CPU
		{4DD2C6C9-9E8F-4E46-A3BB-C49829B3680B}.Debug|Any CPU.Build.0 = Debug|Any CPU
		{4DD2C6C9-9E8F-4E46-A3BB-C49829B3680B}.Release|Any CPU.ActiveCfg = Release|Any CPU
		{4DD2C6C9-9E8F-4E46-A3BB-C49829B3680B}.Release|Any CPU.Build.0 = Release|Any CPU
		{43A1C41B-306C-4192-829D-A78311961DB0}.Debug|Any CPU.ActiveCfg = Debug|Any CPU
		{43A1C41B-306C-4192-829D-A78311961DB0}.Debug|Any CPU.Build.0 = Debug|Any CPU
		{43A1C41B-306C-4192-829D-A78311961DB0}.Release|Any CPU.ActiveCfg = Release|Any CPU
		{43A1C41B-306C-4192-829D-A78311961DB0}.Release|Any CPU.Build.0 = Release|Any CPU
		{4467B234-69B7-4F87-B867-A3B3B2428166}.Debug|Any CPU.ActiveCfg = Debug|Any CPU
		{4467B234-69B7-4F87-B867-A3B3B2428166}.Debug|Any CPU.Build.0 = Debug|Any CPU
		{4467B234-69B7-4F87-B867-A3B3B2428166}.Release|Any CPU.ActiveCfg = Release|Any CPU
		{4467B234-69B7-4F87-B867-A3B3B2428166}.Release|Any CPU.Build.0 = Release|Any CPU
	EndGlobalSection
	GlobalSection(SolutionProperties) = preSolution
		HideSolutionNode = FALSE
	EndGlobalSection
	GlobalSection(ExtensibilityGlobals) = postSolution
		SolutionGuid = {7ECB9221-72C5-4DD9-8B50-D2BC9C0C741B}
	EndGlobalSection
EndGlobal
